
Microsoft Visual Studio Solution File, Format Version 11.00
# Visual Studio 2010
Project("{8BC9CEB8-8B4A-11D0-8D11-00A0C91BC942}") = "AirSoundServer", "AirSoundServer\AirSoundServer.vcxproj", "{54092DC3-279C-41FE-8524-989C87565B13}"
EndProject
Global
	GlobalSection(SolutionConfigurationPlatforms) = preSolution
		Debug|Win32 = Debug|Win32
		Release|Win32 = Release|Win32
	EndGlobalSection
	GlobalSection(ProjectConfigurationPlatforms) = postSolution
		{54092DC3-279C-41FE-8524-989C87565B13}.Debug|Win32.ActiveCfg = Debug|Win32
		{54092DC3-279C-41FE-8524-989C87565B13}.Debug|Win32.Build.0 = Debug|Win32
		{54092DC3-279C-41FE-8524-989C87565B13}.Release|Win32.ActiveCfg = Release|Win32
		{54092DC3-279C-41FE-8524-989C87565B13}.Release|Win32.Build.0 = Release|Win32
	EndGlobalSection
	GlobalSection(SolutionProperties) = preSolution
		HideSolutionNode = FALSE
	EndGlobalSection
EndGlobal
